
Microsoft Visual Studio Solution File, Format Version 12.00
# Visual Studio 15
Project("{FAE04EC0-301F-11D3-BF4B-00C04F79EFBC}") = "Assembly-CSharp", "Assembly-CSharp.csproj", "{15CDBA0B-C4B5-F1A3-D124-538C47672BC6}"
EndProject
Project("{FAE04EC0-301F-11D3-BF4B-00C04F79EFBC}") = "PhotonBolt", "PhotonBolt.csproj", "{E6618932-8AC1-2BE1-84FF-134D85E4B50E}"
EndProject
Project("{FAE04EC0-301F-11D3-BF4B-00C04F79EFBC}") = "PhotonRealtime", "PhotonRealtime.csproj", "{1D0D8124-D485-BAAB-617F-5F2501A3689E}"
EndProject
Project("{FAE04EC0-301F-11D3-BF4B-00C04F79EFBC}") = "PhotonWebSocket", "PhotonWebSocket.csproj", "{3E6E0371-5EEB-0315-994B-98ABBBB5989F}"
EndProject
Project("{FAE04EC0-301F-11D3-BF4B-00C04F79EFBC}") = "PhotonBolt-Editor", "PhotonBolt-Editor.csproj", "{ABA9E7FA-DC13-36F9-F56B-4006F6D8843F}"
EndProject
Global
	GlobalSection(SolutionConfigurationPlatforms) = preSolution
		Debug|Any CPU = Debug|Any CPU
		Release|Any CPU = Release|Any CPU
	EndGlobalSection
	GlobalSection(ProjectConfigurationPlatforms) = postSolution
		{15CDBA0B-C4B5-F1A3-D124-538C47672BC6}.Debug|Any CPU.ActiveCfg = Debug|Any CPU
		{15CDBA0B-C4B5-F1A3-D124-538C47672BC6}.Debug|Any CPU.Build.0 = Debug|Any CPU
		{15CDBA0B-C4B5-F1A3-D124-538C47672BC6}.Release|Any CPU.ActiveCfg = Release|Any CPU
		{15CDBA0B-C4B5-F1A3-D124-538C47672BC6}.Release|Any CPU.Build.0 = Release|Any CPU
		{E6618932-8AC1-2BE1-84FF-134D85E4B50E}.Debug|Any CPU.ActiveCfg = Debug|Any CPU
		{E6618932-8AC1-2BE1-84FF-134D85E4B50E}.Debug|Any CPU.Build.0 = Debug|Any CPU
		{E6618932-8AC1-2BE1-84FF-134D85E4B50E}.Release|Any CPU.ActiveCfg = Release|Any CPU
		{E6618932-8AC1-2BE1-84FF-134D85E4B50E}.Release|Any CPU.Build.0 = Release|Any CPU
		{1D0D8124-D485-BAAB-617F-5F2501A3689E}.Debug|Any CPU.ActiveCfg = Debug|Any CPU
		{1D0D8124-D485-BAAB-617F-5F2501A3689E}.Debug|Any CPU.Build.0 = Debug|Any CPU
		{1D0D8124-D485-BAAB-617F-5F2501A3689E}.Release|Any CPU.ActiveCfg = Release|Any CPU
		{1D0D8124-D485-BAAB-617F-5F2501A3689E}.Release|Any CPU.Build.0 = Release|Any CPU
		{3E6E0371-5EEB-0315-994B-98ABBBB5989F}.Debug|Any CPU.ActiveCfg = Debug|Any CPU
		{3E6E0371-5EEB-0315-994B-98ABBBB5989F}.Debug|Any CPU.Build.0 = Debug|Any CPU
		{3E6E0371-5EEB-0315-994B-98ABBBB5989F}.Release|Any CPU.ActiveCfg = Release|Any CPU
		{3E6E0371-5EEB-0315-994B-98ABBBB5989F}.Release|Any CPU.Build.0 = Release|Any CPU
		{ABA9E7FA-DC13-36F9-F56B-4006F6D8843F}.Debug|Any CPU.ActiveCfg = Debug|Any CPU
		{ABA9E7FA-DC13-36F9-F56B-4006F6D8843F}.Debug|Any CPU.Build.0 = Debug|Any CPU
		{ABA9E7FA-DC13-36F9-F56B-4006F6D8843F}.Release|Any CPU.ActiveCfg = Release|Any CPU
		{ABA9E7FA-DC13-36F9-F56B-4006F6D8843F}.Release|Any CPU.Build.0 = Release|Any CPU
	EndGlobalSection
	GlobalSection(SolutionProperties) = preSolution
		HideSolutionNode = FALSE
	EndGlobalSection
EndGlobal
